
Microsoft Visual Studio Solution File, Format Version 12.00
# Visual Studio Version 16
VisualStudioVersion = 16.0.31205.134
MinimumVisualStudioVersion = 10.0.40219.1
Project("{9A19103F-16F7-4668-BE54-9A1E7A4F7556}") = "RabbitMQPublisher", "RabbitMQWorker\RabbitMQPublisher.csproj", "{8BCEED86-B38C-4FBD-8AF2-64C4D8EBF559}"
EndProject
Project("{9A19103F-16F7-4668-BE54-9A1E7A4F7556}") = "RabbitMQClient", "RabbitMQClient\RabbitMQClient.csproj", "{3F1702C4-E074-4CD1-80C7-F6921A91E28D}"
EndProject
Project("{FAE04EC0-301F-11D3-BF4B-00C04F79EFBC}") = "RabbitMQDLX", "RabbitMQDLX\RabbitMQDLX.csproj", "{C9E0952E-77F5-44FD-AD4C-FA0B52D382B7}"
EndProject
Global
	GlobalSection(SolutionConfigurationPlatforms) = preSolution
		Debug|Any CPU = Debug|Any CPU
		Release|Any CPU = Release|Any CPU
	EndGlobalSection
	GlobalSection(ProjectConfigurationPlatforms) = postSolution
		{8BCEED86-B38C-4FBD-8AF2-64C4D8EBF559}.Debug|Any CPU.ActiveCfg = Debug|Any CPU
		{8BCEED86-B38C-4FBD-8AF2-64C4D8EBF559}.Debug|Any CPU.Build.0 = Debug|Any CPU
		{8BCEED86-B38C-4FBD-8AF2-64C4D8EBF559}.Release|Any CPU.ActiveCfg = Release|Any CPU
		{8BCEED86-B38C-4FBD-8AF2-64C4D8EBF559}.Release|Any CPU.Build.0 = Release|Any CPU
		{3F1702C4-E074-4CD1-80C7-F6921A91E28D}.Debug|Any CPU.ActiveCfg = Debug|Any CPU
		{3F1702C4-E074-4CD1-80C7-F6921A91E28D}.Debug|Any CPU.Build.0 = Debug|Any CPU
		{3F1702C4-E074-4CD1-80C7-F6921A91E28D}.Release|Any CPU.ActiveCfg = Release|Any CPU
		{3F1702C4-E074-4CD1-80C7-F6921A91E28D}.Release|Any CPU.Build.0 = Release|Any CPU
		{C9E0952E-77F5-44FD-AD4C-FA0B52D382B7}.Debug|Any CPU.ActiveCfg = Debug|Any CPU
		{C9E0952E-77F5-44FD-AD4C-FA0B52D382B7}.Debug|Any CPU.Build.0 = Debug|Any CPU
		{C9E0952E-77F5-44FD-AD4C-FA0B52D382B7}.Release|Any CPU.ActiveCfg = Release|Any CPU
		{C9E0952E-77F5-44FD-AD4C-FA0B52D382B7}.Release|Any CPU.Build.0 = Release|Any CPU
	EndGlobalSection
	GlobalSection(SolutionProperties) = preSolution
		HideSolutionNode = FALSE
	EndGlobalSection
	GlobalSection(ExtensibilityGlobals) = postSolution
		SolutionGuid = {F87B8E63-41D8-4815-8E6E-B4B1609E994A}
	EndGlobalSection
EndGlobal
